
Microsoft Visual Studio Solution File, Format Version 12.00
# Visual Studio Version 16
VisualStudioVersion = 16.0.29509.3
MinimumVisualStudioVersion = 10.0.40219.1
Project("{9A19103F-16F7-4668-BE54-9A1E7A4F7556}") = "WPF_gaming_3", "WPF_gaming_3\WPF_gaming_3.csproj", "{8B9E9C6E-CF32-4A63-B333-97DC4CFA6C26}"
EndProject
Project("{FAE04EC0-301F-11D3-BF4B-00C04F79EFBC}") = "UnitTestProject2", "UnitTestProject2\UnitTestProject2.csproj", "{254277A0-9FA9-41FE-8DC1-63180B53EF95}"
EndProject
Global
	GlobalSection(SolutionConfigurationPlatforms) = preSolution
		Debug|Any CPU = Debug|Any CPU
		Release|Any CPU = Release|Any CPU
	EndGlobalSection
	GlobalSection(ProjectConfigurationPlatforms) = postSolution
		{8B9E9C6E-CF32-4A63-B333-97DC4CFA6C26}.Debug|Any CPU.ActiveCfg = Debug|Any CPU
		{8B9E9C6E-CF32-4A63-B333-97DC4CFA6C26}.Debug|Any CPU.Build.0 = Debug|Any CPU
		{8B9E9C6E-CF32-4A63-B333-97DC4CFA6C26}.Release|Any CPU.ActiveCfg = Release|Any CPU
		{8B9E9C6E-CF32-4A63-B333-97DC4CFA6C26}.Release|Any CPU.Build.0 = Release|Any CPU
		{254277A0-9FA9-41FE-8DC1-63180B53EF95}.Debug|Any CPU.ActiveCfg = Debug|Any CPU
		{254277A0-9FA9-41FE-8DC1-63180B53EF95}.Debug|Any CPU.Build.0 = Debug|Any CPU
		{254277A0-9FA9-41FE-8DC1-63180B53EF95}.Release|Any CPU.ActiveCfg = Release|Any CPU
		{254277A0-9FA9-41FE-8DC1-63180B53EF95}.Release|Any CPU.Build.0 = Release|Any CPU
	EndGlobalSection
	GlobalSection(SolutionProperties) = preSolution
		HideSolutionNode = FALSE
	EndGlobalSection
	GlobalSection(ExtensibilityGlobals) = postSolution
		SolutionGuid = {B39C216B-43BC-4DA9-B493-6226424563D9}
	EndGlobalSection
EndGlobal
