
Microsoft Visual Studio Solution File, Format Version 12.00
# Visual Studio Version 16
VisualStudioVersion = 16.0.29509.3
MinimumVisualStudioVersion = 10.0.40219.1
Project("{FAE04EC0-301F-11D3-BF4B-00C04F79EFBC}") = "UnitTestProject", "WPF_gaming_3\UnitTestProject\UnitTestProject.csproj", "{426D5EB6-32E0-4642-9ED2-B4E79BE61EC7}"
EndProject
Global
	GlobalSection(SolutionConfigurationPlatforms) = preSolution
		Debug|Any CPU = Debug|Any CPU
		Release|Any CPU = Release|Any CPU
	EndGlobalSection
	GlobalSection(ProjectConfigurationPlatforms) = postSolution
		{426D5EB6-32E0-4642-9ED2-B4E79BE61EC7}.Debug|Any CPU.ActiveCfg = Debug|Any CPU
		{426D5EB6-32E0-4642-9ED2-B4E79BE61EC7}.Debug|Any CPU.Build.0 = Debug|Any CPU
		{426D5EB6-32E0-4642-9ED2-B4E79BE61EC7}.Release|Any CPU.ActiveCfg = Release|Any CPU
		{426D5EB6-32E0-4642-9ED2-B4E79BE61EC7}.Release|Any CPU.Build.0 = Release|Any CPU
	EndGlobalSection
	GlobalSection(SolutionProperties) = preSolution
		HideSolutionNode = FALSE
	EndGlobalSection
	GlobalSection(ExtensibilityGlobals) = postSolution
		SolutionGuid = {6C605B5D-9442-4296-86D3-313FC24B834A}
	EndGlobalSection
EndGlobal
